
Microsoft Visual Studio Solution File, Format Version 12.00
# Visual Studio 14
VisualStudioVersion = 14.0.25123.0
MinimumVisualStudioVersion = 10.0.40219.1
Project("{2150E333-8FDC-42A3-9474-1A3956D46DE8}") = "Core", "Core", "{E4B585C5-26C2-48C8-AB4C-F4ED858283CE}"
EndProject
Project("{FAE04EC0-301F-11D3-BF4B-00C04F79EFBC}") = "Virgil.SDK.Domain", "Virgil.SDK.Domain\Virgil.SDK.Domain.csproj", "{5A1CE0B6-D6FE-4620-BAC5-9A319E461913}"
EndProject
Project("{2150E333-8FDC-42A3-9474-1A3956D46DE8}") = "Files", "Files", "{460D7389-57A4-4600-948D-55EF933868E4}"
EndProject
Project("{FAE04EC0-301F-11D3-BF4B-00C04F79EFBC}") = "Virgil.FolderLink", "Virgil.FolderLink\Virgil.FolderLink.csproj", "{10188A5A-FF14-4D1E-86AC-0F775D3C7C7E}"
EndProject
Project("{FAE04EC0-301F-11D3-BF4B-00C04F79EFBC}") = "Virgil.Sync", "Virgil.Disk\Virgil.Sync.csproj", "{C1C81C57-DAD1-4E5B-9C5E-BC8F77D0C97E}"
EndProject
Project("{FAE04EC0-301F-11D3-BF4B-00C04F79EFBC}") = "Infrastructure", "Infrastructure\Infrastructure.csproj", "{7C04C9EA-37AA-4F31-92B2-FADD0A205AB2}"
EndProject
Project("{FAE04EC0-301F-11D3-BF4B-00C04F79EFBC}") = "FolderLink.Tests", "FolderLink.Tests\FolderLink.Tests.csproj", "{6B11B3B0-5E37-4677-A54D-99BA370DB6BA}"
EndProject
Project("{FAE04EC0-301F-11D3-BF4B-00C04F79EFBC}") = "Infrastructure.Messaging", "Infrastructure.Messaging\Infrastructure.Messaging.csproj", "{A32D8707-67F6-447C-9329-73DDB97FD70F}"
EndProject
Project("{2150E333-8FDC-42A3-9474-1A3956D46DE8}") = "Installer", "Installer", "{78D4B7B2-F483-4702-84D4-ACBE4BA52B81}"
	ProjectSection(SolutionItems) = preProject
		..\Setup\Virgil Sync.aip = ..\Setup\Virgil Sync.aip
	EndProjectSection
EndProject
Project("{2150E333-8FDC-42A3-9474-1A3956D46DE8}") = "CLI", "CLI", "{707507CA-CEFD-4942-92CE-35C7F68CCB7D}"
EndProject
Project("{FAE04EC0-301F-11D3-BF4B-00C04F79EFBC}") = "Virgil.CLI.Common", "Virgil.CLI.Common\Virgil.CLI.Common.csproj", "{39771EEA-B6B5-4A12-9CEC-6F372DEFA973}"
EndProject
Project("{FAE04EC0-301F-11D3-BF4B-00C04F79EFBC}") = "Virgil.Sync.CLI.Windows", "Virgil.Sync.CLI.Windows\Virgil.Sync.CLI.Windows.csproj", "{2F2F82ED-45C8-4383-8A53-FCA391633E07}"
EndProject
Project("{FAE04EC0-301F-11D3-BF4B-00C04F79EFBC}") = "Virgil.Sync.CLI.Linux", "Virgil.Sync.CLI.Linux\Virgil.Sync.CLI.Linux.csproj", "{C7A1CA8C-6FEB-4469-8F4C-39E14D8522C8}"
EndProject
Project("{FAE04EC0-301F-11D3-BF4B-00C04F79EFBC}") = "Virgil.Sync.CLI.Monomac", "Virgil.Sync.CLI.Monomac\Virgil.Sync.CLI.Monomac.csproj", "{098022CB-8DCE-446B-B892-D7C7F1C97A6D}"
EndProject
Global
	GlobalSection(SolutionConfigurationPlatforms) = preSolution
		Debug|Any CPU = Debug|Any CPU
		Release|Any CPU = Release|Any CPU
	EndGlobalSection
	GlobalSection(ProjectConfigurationPlatforms) = postSolution
		{5A1CE0B6-D6FE-4620-BAC5-9A319E461913}.Debug|Any CPU.ActiveCfg = Debug|Any CPU
		{5A1CE0B6-D6FE-4620-BAC5-9A319E461913}.Debug|Any CPU.Build.0 = Debug|Any CPU
		{5A1CE0B6-D6FE-4620-BAC5-9A319E461913}.Release|Any CPU.ActiveCfg = Release|Any CPU
		{5A1CE0B6-D6FE-4620-BAC5-9A319E461913}.Release|Any CPU.Build.0 = Release|Any CPU
		{10188A5A-FF14-4D1E-86AC-0F775D3C7C7E}.Debug|Any CPU.ActiveCfg = Debug|Any CPU
		{10188A5A-FF14-4D1E-86AC-0F775D3C7C7E}.Debug|Any CPU.Build.0 = Debug|Any CPU
		{10188A5A-FF14-4D1E-86AC-0F775D3C7C7E}.Release|Any CPU.ActiveCfg = Release|Any CPU
		{10188A5A-FF14-4D1E-86AC-0F775D3C7C7E}.Release|Any CPU.Build.0 = Release|Any CPU
		{C1C81C57-DAD1-4E5B-9C5E-BC8F77D0C97E}.Debug|Any CPU.ActiveCfg = Debug|Any CPU
		{C1C81C57-DAD1-4E5B-9C5E-BC8F77D0C97E}.Debug|Any CPU.Build.0 = Debug|Any CPU
		{C1C81C57-DAD1-4E5B-9C5E-BC8F77D0C97E}.Release|Any CPU.ActiveCfg = Release|Any CPU
		{C1C81C57-DAD1-4E5B-9C5E-BC8F77D0C97E}.Release|Any CPU.Build.0 = Release|Any CPU
		{7C04C9EA-37AA-4F31-92B2-FADD0A205AB2}.Debug|Any CPU.ActiveCfg = Debug|Any CPU
		{7C04C9EA-37AA-4F31-92B2-FADD0A2