
Microsoft Visual Studio Solution File, Format Version 12.00
# Visual Studio 14
VisualStudioVersion = 14.0.25123.0
MinimumVisualStudioVersion = 10.0.40219.1
Project("{2150E333-8FDC-42A3-9474-1A3956D46DE8}") = "Core", "Core", "{E4B585C5-26C2-48C8-AB4C-F4ED858283CE}"
EndProject
Project("{FAE04EC0-301F-11D3-BF4B-00C04F79EFBC}") = "Virgil.SDK.Domain", "Virgil.SDK.Domain\Virgil.SDK.Domain.csproj", "{5A1CE0B6-D6FE-4620-BAC5-9A319E461913}"
EndProject
Project("{2150E333-8FDC-42A3-9474-1A3956D46DE8}") = "Files", "Files", "{460D7389-57A4-4600-948D-55EF933868E4}"
EndProject
Project("{FAE04EC0-301F-11D3-BF4B-00C04F79EFBC}") = "Virgil.FolderLink", "Virgil.FolderLink