
Microsoft Visual Studio Solution File, Format Version 12.00
# Visual Studio 14
VisualStudioVersion = 14.0.23107.0
MinimumVisualStudioVersion = 10.0.40219.1
Project("{FAE04EC0-301F-11D3-BF4B-00C04F79EFBC}") = "json-version-generator", "json-version-generator\json-version-generator.csproj", "{0A9E786D-C500-4B86-AADE-B63FC926904D}"
EndProject
Global
	GlobalSection(SolutionConfigurationPlatforms) = preSolution
		Debug|Any CPU = Debug|Any CPU
		Release|Any CPU = Release|Any CPU
	EndGlobalSection
	GlobalSection(ProjectConfigurationPlatforms) = postSolution
		{0A9E786D-C500-4B86-AADE-B63FC926904D}.Debug|Any CPU.ActiveCfg = Debug|Any CPU
		{0A9E786D-C500-4B86-AADE-B63FC926904D}.Debug|Any CPU.Bu